
Microsoft Visual Studio Solution File, Format Version 12.00
# Visual Studio 15
VisualStudioVersion = 15.0.26124.0
MinimumVisualStudioVersion = 15.0.26124.0
Project("{2150E333-8FDC-42A3-9474-1A3956D46DE8}") = "src", "src", "{ED595274-4607-4E55-A704-E7EDDA1C4164}"
EndProject
Project("{FAE04EC0-301F-11D3-BF4B-00C04F79EFBC}") = "Pumox.Api", "src\Pumox.Api\Pumox.Api.csproj", "{95A74C6D-1E73-49D2-9FFC-8C2A8DA67660}"
EndProject
Project("{FAE04EC0-301F-11D3-BF4B-00C04F79EFBC}") = "Pumox.Core", "src\Pumox.Core\Pumox.Core.csproj", "{BD4E201D-AAC1-4F6F-B454-858D8E4F17F3}"
EndProject
Project("{FAE04EC0-301F-11D3-BF4B-00C04F79EFBC}") = "Pumox.Infrastructure", "src\Pumox.Infrastructure\Pumox.Infrastructure.csproj", "{1B05E3A6-4858-4054-8CB3-8420C511DFD7}"
EndProject
Project("{FAE04EC0-301F-11D3-BF4B-00C04F79EFBC}") = "Pumox.Services", "src\Pumox.Services\Pumox.Services.csproj", "{0BA79E19-8FC2-4D81-A1B9-563F29BD86FF}"
EndProject
Global
	GlobalSection(SolutionConfigurationPlatforms) = preSolution
		Debug|Any CPU = Debug|Any CPU
		Debug|x64 = Debug|x64
		Debug|x86 = Debug|x86
		Release|Any CPU = Release|Any CPU
		Release|x64 = Release|x64
		Release|x86 = Release|x86
	EndGlobalSection
	GlobalSection(SolutionProperties) = preSolution
		HideSolutionNode = FALSE
	EndGlobalSection
	GlobalSection(ProjectConfigurationPlatforms) = postSolution
		{95A74C6D-1E73-49D2-9FFC-8C2A8DA67660}.Debug|Any CPU.ActiveCfg = Debug|Any CPU
		{95A74C6D-1E73-49D2-9FFC-8C2A8DA67660}.Debug|Any CPU.Build.0 = Debug|Any CPU
		{95A74C6D-1E73-49D2-9FFC-8C2A8DA67660}.Debug|x64.ActiveCfg = Debug|Any CPU
		{95A74C6D-1E73-49D2-9FFC-8C2A8DA67660}.Debug|x64.Build.0 = Debug|Any CPU
		{95A74C6D-1E73-49D2-9FFC-8C2A8DA67660}.Debug|x86.ActiveCfg = Debug|Any CPU
		{95A74C6D-1E73-49D2-9FFC-8C2A8DA67660}.Debug|x86.Build.0 = Debug|Any CPU
		{95A74C6D-1E73-49D2-9FFC-8C2A8DA67660}.Release|Any CPU.ActiveCfg = Release|Any CPU
		{95A74C6D-1E73-49D2-9FFC-8C2A8DA67660}.Release|Any CPU.Build.0 = Release|Any CPU
		{95A74C6D-1E73-49D2-9FFC-8C2A8DA67660}.Release|x64.ActiveCfg = Release|Any CPU
		{95A74C6D-1E73-49D2-9FFC-8C2A8DA67660}.Release|x64.Build.0 = Release|Any CPU
		{95A74C6D-1E73-49D2-9FFC-8C2A8DA67660}.Release|x86.ActiveCfg = Release|Any CPU
		{95A74C6D-1E73-49D2-9FFC-8C2A8DA67660}.Release|x86.Build.0 = Release|Any CPU
		{BD4E201D-AAC1-4F6F-B454-858D8E4F17F3}.Debug|Any CPU.ActiveCfg = Debug|Any CPU
		{BD4E201D-AAC1-4F6F-B454-858D8E4F17F3}.Debug|Any CPU.Build.0 = Debug|Any CPU
		{BD4E201D-AAC1-4F6F-B454-858D8E4F17F3}.Debug|x64.ActiveCfg = Debug|Any CPU
		{BD4E201D-AAC1-4F6F-B454-858D8E4F17F3}.Debug|x64.Build.0 = Debug|Any CPU
		{BD4E201D-AAC1-4F6F-B454-858D8E4F17F3}.Debug|x86.ActiveCfg = Debug|Any CPU
		{BD4E201D-AAC1-4F6F-B454-858D8E4F17F3}.Debug|x86.Build.0 = Debug|Any CPU
		{BD4E201D-AAC1-4F6F-B454-858D8E4F17F3}.Release|Any CPU.ActiveCfg = Release|Any CPU
		{BD4E201D-AAC1-4F6F-B454-858D8E4F17F3}.Release|Any CPU.Build.0 = Release|Any CPU
		{BD4E201D-AAC1-4F6F-B454-858D8E4F17F3}.Release|x64.ActiveCfg = Release|Any CPU
		{BD4E201D-AAC1-4F6F-B454-858D8E4F17F3}.Release|x64.Build.0 = Release|Any CPU
		{BD4E201D-AAC1-4F6F-B454-858D8E4F17F3}.Release|x86.ActiveCfg = Release|Any CPU
		{BD4E201D-AAC1-4F6F-B454-858D8E4F17F3}.Release|x86.Build.0 = Release|Any CPU
		{1B05E3A6-4858-4054-8CB3-8420C511DFD7}.Debug|Any CPU.ActiveCfg = Debug|Any CPU
		{1B05E3A6-4858-4054-8CB3-8420C511DFD7}.Debug|Any CPU.Build.0 = Debug|Any CPU
		{1B05E3A6-4858-4054-8CB3-8420C511DFD7}.Debug|x64.ActiveCfg = Debug|Any CPU
		{1B05E3A6-4858-4054-8CB3-8420C511DFD7}.Debug|x64.Build.0 = Debug|Any CPU
		{1B05E3A6-4858-4054-8CB3-8420C511DFD7}.Debug|x86.ActiveCfg = Debug|Any CPU
		{1B05E3A6-4858-4054-8CB3-8420C511DFD7}.Debug|x86.Build.0 = Debug|Any CPU
		{1B05E3A6-4858-4054-8CB3-8420C511DFD7}.Release|Any CPU.ActiveCfg = Release|Any CPU
		{1B05E3A6-4858-4054-8CB3-8420C511DFD7}.Release|Any CPU.Build.0 = Release|Any CPU
		{1B05E3A6-4858-4054-8CB3-8420C511DFD7}.Release|x64.ActiveCfg = Release|Any CPU
		{1B05E3A6-4858-4054-8CB3-8420C511DFD7}.Release|x64.Build.0 = Release|Any CPU
		{1B05E3A6-4858-4054-8CB3-8420C511DFD7}.Release|x86.ActiveCfg = Release|Any CPU
		{1B05E3A6-4858-4054-8CB3-8420C511DFD7}.Release|x86.Build.0 = Release|Any CPU
		{0BA79E19-8FC2-4D81-A1B9-563F29BD86FF}.Debug|Any CPU.ActiveCfg = Debug|Any CPU
		{0BA79E19-8FC2-4D81-A1B9-563F29BD86FF}.Debug|Any CPU.Build.0 = Debug|Any CPU
		{0BA79E19-8FC2-4D81-A1B9-563F29BD86FF}.Debug|x64.ActiveCfg = Debug|Any CPU
		{0BA79E19-8FC2-4D81-A1B9-563F29BD86FF}.Debug|x64.Build.0 = Debug|Any CPU
		{0BA79E19-8FC2-4D81-A1B9-563F29BD86FF}.Debug|x86.ActiveCfg = Debug|Any CPU
		{0BA79E19-8FC2-4D81-A1B9-563F29BD86FF}.Debug|x86.Build.0 = Debug|Any CPU
		{0BA79E19-8FC2-4D81-A1B9-563F29BD86FF}.Release|Any CPU.ActiveCfg = Release|Any CPU
		{0BA79E19-8FC2-4D81-A1B9-563F29BD86FF}.Release|Any CPU.Build.0 = Release|Any CPU
		{0BA79E19-8FC2-4D81-A1B9-563F29BD86FF}.Release|x64.ActiveCfg = Release|Any CPU
		{0BA79E19-8FC2-4D81-A1B9-563F29BD86FF}.Release|x64.Build.0 = Release|Any CPU
		{0BA79E19-8FC2-4D81-A1B9-563F29BD86FF}.Release|x86.ActiveCfg = Release|Any CPU
		{0BA79E19-8FC2-4D81-A1B9-563F29BD86FF}.Release|x86.Build.0 = Release|Any CPU
	EndGlobalSection
	GlobalSection(NestedProjects) = preSolution
		{95A74C6D-1E73-49D2-9FFC-8C2A8DA67660} = {ED595274-4607-4E55-A704-E7EDDA1C4164}
		{BD4E201D-AAC1-4F6F-B454-858D8E4F17F3} = {ED595274-4607-4E55-A704-E7EDDA1C4164}
		{1B05E3A6-4858-4054-8CB3-8420C511DFD7} = {ED595274-4607-4E55-A704-E7EDDA1C4164}
		{0BA79E19-8FC2-4D81-A1B9-563F29BD86FF} = {ED595274-4607-4E55-A704-E7EDDA1C4164}
	EndGlobalSection
EndGlobal
