
Microsoft Visual Studio Solution File, Format Version 12.00
# Visual Studio 15
VisualStudioVersion = 15.0.26124.0
MinimumVisualStudioVersion = 15.0.26124.0
Project("{2150E333-8FDC-42A3-9474-1A3956D46DE8}") = "src", "src", "{9095DE95-E0CA-4177-A7E3-35363D1ABCCA}"
EndProject
Project("{FAE04EC0-301F-11D3-BF4B-00C04F79EFBC}") = "Pumox.Api", "src\Pumox.Api\Pumox.Api.csproj", "{69B15FED-AE92-4917-BB6C-FFEF534B2319}"
EndProject
Project("{FAE04EC0-301F-11D3-BF4B-00C04F79EFBC}") = "Pumox.Core", "src\Pumox.Core\Pumox.Core.csproj", "{645B0DCA-CE0C-4F0A-90DD-C20D4D45FB42}"
EndProject
Project("{FAE04EC0-301F-11D3-BF4B-00C04F79EFBC}") = "Pumox.Infrastructure", "src\Pumox.Infrastructure\Pumox.Infrastructure.csproj", "{50152268-B484-4B13-BA04-518C92EDE287}"
EndProject
Project("{FAE04EC0-301F-11D3-BF4B-00C04F79EFBC}") = "Pumox.Services", "src\Pumox.Services\Pumox.Services.csproj", "{81F6AEA1-EDC3-400B-BBA1-5C8DE5B53CA8}"
EndProject
Project("{2150E333-8FDC-42A3-9474-1A3956D46DE8}") = "tests", "tests", "{628C3980-8000-45AC-BC2C-FDC9C8EBF92E}"
EndProject
Project("{FAE04EC0-301F-11D3-BF4B-00C04F79EFBC}") = "Pumox.Tests.Unit", "tests\Pumox.Tests.Unit\Pumox.Tests.Unit.csproj", "{CE8884F6-033F-4284-9485-748CE0FB6323}"
EndProject
Global
	GlobalSection(SolutionConfigurationPlatforms) = preSolution
		Debug|Any CPU = Debug|Any CPU
		Debug|x64 = Debug|x64
		Debug|x86 = Debug|x86
		Release|Any CPU = Release|Any CPU
		Release|x64 = Release|x64
		Release|x86 = Release|x86
	EndGlobalSection
	GlobalSection(SolutionProperties) = preSolution
		HideSolutionNode = FALSE
	EndGlobalSection
	GlobalSection(ProjectConfigurationPlatforms) = postSolution
		{69B15FED-AE92-4917-BB6C-FFEF534B2319}.Debug|Any CPU.ActiveCfg = Debug|Any CPU
		{69B15FED-AE92-4917-BB6C-FFEF534B2319}.Debug|Any CPU.Build.0 = Debug|Any CPU
		{69B15FED-AE92-4917-BB6C-FFEF534B2319}.Debug|x64.ActiveCfg = Debug|Any CPU
		{69B15FED-AE92-4917-BB6C-FFEF534B2319}.Debug|x64.Build.0 = Debug|Any CPU
		{69B15FED-AE92-4917-BB6C-FFEF534B2319}.Debug|x86.ActiveCfg = Debug|Any CPU
		{69B15FED-AE92-4917-BB6C-FFEF534B2319}.Debug|x86.Build.0 = Debug|Any CPU
		{69B15FED-AE92-4917-BB6C-FFEF534B2319}.Release|Any CPU.ActiveCfg = Release|Any CPU
		{69B15FED-AE92-4917-BB6C-FFEF534B2319}.Release|Any CPU.Build.0 = Release|Any CPU
		{69B15FED-AE92-4917-BB6C-FFEF534B2319}.Release|x64.ActiveCfg = Release|Any CPU
		{69B15FED-AE92-4917-BB6C-FFEF534B2319}.Release|x64.Build.0 = Release|Any CPU
		{69B15FED-AE92-4917-BB6C-FFEF534B2319}.Release|x86.ActiveCfg = Release|Any CPU
		{69B15FED-AE92-4917-BB6C-FFEF534B2319}.Release|x86.Build.0 = Release|Any CPU
		{645B0DCA-CE0C-4F0A-90DD-C20D4D45FB42}.Debug|Any CPU.ActiveCfg = Debug|Any CPU
		{645B0DCA-CE0C-4F0A-90DD-C20D4D45FB42}.Debug|Any CPU.Build.0 = Debug|Any CPU
		{645B0DCA-CE0C-4F0A-90DD-C20D4D45FB42}.Debug|x64.ActiveCfg = Debug|Any CPU
		{645B0DCA-CE0C-4F0A-90DD-C20D4D45FB42}.Debug|x64.Build.0 = Debug|Any CPU
		{645B0DCA-CE0C-4F0A-90DD-C20D4D45FB42}.Debug|x86.ActiveCfg = Debug|Any CPU
		{645B0DCA-CE0C-4F0A-90DD-C20D4D45FB42}.Debug|x86.Build.0 = Debug|Any CPU
		{645B0DCA-CE0C-4F0A-90DD-C20D4D45FB42}.Release|Any CPU.ActiveCfg = Release|Any CPU
		{645B0DCA-CE0C-4F0A-90DD-C20D4D45FB42}.Release|Any CPU.Build.0 = Release|Any CPU
		{645B0DCA-CE0C-4F0A-90DD-C20D4D45FB42}.Release|x64.ActiveCfg = Release|Any CPU
		{645B0DCA-CE0C-4F0A-90DD-C20D4D45FB42}.Release|x64.Build.0 = Release|Any CPU
		{645B0DCA-CE0C-4F0A-90DD-C20D4D45FB42}.Release|x86.ActiveCfg = Release|Any CPU
		{645B0DCA-CE0C-4F0A-90DD-C20D4D45FB42}.Release|x86.Build.0 = Release|Any CPU
		{50152268-B484-4B13-BA04-518C92EDE287}.Debug|Any CPU.ActiveCfg = Debug|Any CPU
		{50152268-B484-4B13-BA04-518C92EDE287}.Debug|Any CPU.Build.0 = Debug|Any CPU
		{50152268-B484-4B13-BA04-518C92EDE287}.Debug|x64.ActiveCfg = Debug|Any CPU
		{50152268-B484-4B13-BA04-518C92EDE287}.Debug|x64.Build.0 = Debug|Any CPU
		{50152268-B484-4B13-BA04-518C92EDE287}.Debug|x86.ActiveCfg = Debug|Any CPU
		{50152268-B484-4B13-BA04-518C92EDE287}.Debug|x86.Build.0 = Debug|Any CPU
		{50152268-B484-4B13-BA04-518C92EDE287}.Release|Any CPU.ActiveCfg = Release|Any CPU
		{50152268-B484-4B13-BA04-518C92EDE287}.Release|Any CPU.Build.0 = Release|Any CPU
		{50152268-B484-4B13-BA04-518C92EDE287}.Release|x64.ActiveCfg = Release|Any CPU
		{50152268-B484-4B13-BA04-518C92EDE287}.Release|x64.Build.0 = Release|Any CPU
		{50152268-B484-4B13-BA04-518C92EDE287}.Release|x86.ActiveCfg = Release|Any CPU
		{50152268-B484-4B13-BA04-518C92EDE287}.Release|x86.Build.0 = Release|Any CPU
		{81F6AEA1-EDC3-400B-BBA1-5C8DE5B53CA8}.Debug|Any CPU.ActiveCfg = Debug|Any CPU
		{81F6AEA1-EDC3-400B-BBA1-5C8DE5B53CA8}.Debug|Any CPU.Build.0 = Debug|Any CPU
		{81F6AEA1-EDC3-400B-BBA1-5C8DE5B53CA8}.Debug|x64.ActiveCfg = Debug|Any CPU
		{81F6AEA1-EDC3-400B-BBA1-5C8DE5B53CA8}.Debug|x64.Build.0 = Debug|Any CPU
		{81F6AEA1-EDC3-400B-BBA1-5C8DE5B53CA8}.Debug|x86.ActiveCfg = Debug|Any CPU
		{81F6AEA1-EDC3-400B-BBA1-5C8DE5B53CA8}.Debug|x86.Build.0 = Debug|Any CPU
		{81F6AEA1-EDC3-400B-BBA1-5C8DE5B53CA8}.Release|Any CPU.ActiveCfg = Release|Any CPU
		{81F6AEA1-EDC3-400B-BBA1-5C8DE5B53CA8}.Release|Any CPU.Build.0 = Release|Any CPU
		{81F6AEA1-EDC3-400B-BBA1-5C8DE5B53CA8}.Release|x64.ActiveCfg = Release|Any CPU
		{81F6AEA1-EDC3-400B-BBA1-5C8DE5B53CA8}.Release|x64.Build.0 = Release|Any CPU
		{81F6AEA1-EDC3-400B-BBA1-5C8DE5B53CA8}.Release|x86.ActiveCfg = Release|Any CPU
		{81F6AEA1-EDC3-400B-BBA1-5C8DE5B53CA8}.Release|x86.Build.0 = Release|Any CPU
		{CE8884F6-033F-4284-9485-748CE0FB6323}.Debug|Any CPU.ActiveCfg = Debug|Any CPU
		{CE8884F6-033F-4284-9485-748CE0FB6323}.Debug|Any CPU.Build.0 = Debug|Any CPU
		{CE8884F6-033F-4284-9485-748CE0FB6323}.Debug|x64.ActiveCfg = Debug|Any CPU
		{CE8884F6-033F-4284-9485-748CE0FB6323}.Debug|x64.Build.0 = Debug|Any CPU
		{CE8884F6-033F-4284-9485-748CE0FB6323}.Debug|x86.ActiveCfg = Debug|Any CPU
		{CE8884F6-033F-4284-9485-748CE0FB6323}.Debug|x86.Build.0 = Debug|Any CPU
		{CE8884F6-033F-4284-9485-748CE0FB6323}.Release|Any CPU.ActiveCfg = Release|Any CPU
		{CE8884F6-033F-4284-9485-748CE0FB6323}.Release|Any CPU.Build.0 = Release|Any CPU
		{CE8884F6-033F-4284-9485-748CE0FB6323}.Release|x64.ActiveCfg = Release|Any CPU
		{CE8884F6-033F-4284-9485-748CE0FB6323}.Release|x64.Build.0 = Release|Any CPU
		{CE8884F6-033F-4284-9485-748CE0FB6323}.Release|x86.ActiveCfg = Release|Any CPU
		{CE8884F6-033F-4284-9485-748CE0FB6323}.Release|x86.Build.0 = Release|Any CPU
	EndGlobalSection
	GlobalSection(NestedProjects) = preSolution
		{69B15FED-AE92-4917-BB6C-FFEF534B2319} = {9095DE95-E0CA-4177-A7E3-35363D1ABCCA}
		{645B0DCA-CE0C-4F0A-90DD-C20D4D45FB42} = {9095DE95-E0CA-4177-A7E3-35363D1ABCCA}
		{50152268-B484-4B13-BA04-518C92EDE287} = {9095DE95-E0CA-4177-A7E3-35363D1ABCCA}
		{81F6AEA1-EDC3-400B-BBA1-5C8DE5B53CA8} = {9095DE95-E0CA-4177-A7E3-35363D1ABCCA}
		{CE8884F6-033F-4284-9485-748CE0FB6323} = {628C3980-8000-45AC-BC2C-FDC9C8EBF92E}
	EndGlobalSection
EndGlobal
